// !$*UTF8*$!
{
	archiveVersion = 1;
	classes = {
	};
	objectVersion = 56;
	objects = {

/* Begin PBXBuildFile section */
		4620FFAB2BDB646400B2F1C9 /* LottieViewModel.swift in Sources */ = {isa = PBXBuildFile; fileRef = 4620FFAA2BDB646400B2F1C9 /* LottieViewModel.swift */; };
		4620FFAE2BDB886100B2F1C9 /* SDWebImageLottieCoder in Frameworks */ = {isa = PBXBuildFile; productRef = 4620FFAD2BDB886100B2F1C9 /* SDWebImageLottieCoder */; };
		4620FFB02BDB9EC500B2F1C9 /* TreeAnimation.json in Resources */ = {isa = PBXBuildFile; fileRef = 4620FFAF2BDB9EC500B2F1C9 /* TreeAnimation.json */; };
		CD2604A22BDCBC97005ED9EB /* LevelCard.swift in Sources */ = {isa = PBXBuildFile; fileRef = CD2604A12BDCBC97005ED9EB /* LevelCard.swift */; };
		CD5E17612BDD0F6600FB9A4B /* Router.swift in Sources */ = {isa = PBXBuildFile; fileRef = CD5E17602BDD0F6600FB9A4B /* Router.swift */; };
		CDC578242BDC892A00EEB5A0 /* LevelSelect.swift in Sources */ = {isa = PBXBuildFile; fileRef = CDEBCEDE2BDB8B380083D4C6 /* LevelSelect.swift */; };
		CDC578252BDC894C00EEB5A0 /* FocusTree.swift in Sources */ = {isa = PBXBuildFile; fileRef = CDEE0E442BDBD8E30066CA9F /* FocusTree.swift */; };
		EF41C6FD2BDB9AF80036F92E /* TaskCompletedView.swift in Sources */ = {isa = PBXBuildFile; fileRef = EF41C6FC2BDB9AF80036F92E /* TaskCompletedView.swift */; };
		EF41C6FF2BDBA3180036F92E /* HomeButton.swift in Sources */ = {isa = PBXBuildFile; fileRef = EF41C6FE2BDBA3180036F92E /* HomeButton.swift */; };
		EF41C7012BDBACF80036F92E /* TesterView.swift in Sources */ = {isa = PBXBuildFile; fileRef = EF41C7002BDBACF80036F92E /* TesterView.swift */; };
		EF41C7042BDCA3CE0036F92E /* lottieConfetti.json in Resources */ = {isa = PBXBuildFile; fileRef = EF41C7032BDCA3CE0036F92E /* lottieConfetti.json */; };
		EFAD78782BD94BBD005061E3 /* Grow Watch App.app in Embed Watch Content */ = {isa = PBXBuildFile; fileRef = EFAD78772BD94BBD005061E3 /* Grow Watch App.app */; settings = {ATTRIBUTES = (RemoveHeadersOnCopy, ); }; };
		EFAD787D2BD94BBD005061E3 /* GrowApp.swift in Sources */ = {isa = PBXBuildFile; fileRef = EFAD787C2BD94BBD005061E3 /* GrowApp.swift */; };
		EFAD787F2BD94BBD005061E3 /* ContentView.swift in Sources */ = {isa = PBXBuildFile; fileRef = EFAD787E2BD94BBD005061E3 /* ContentView.swift */; };
		EFAD78812BD94BBE005061E3 /* Assets.xcassets in Resources */ = {isa = PBXBuildFile; fileRef = EFAD78802BD94BBE005061E3 /* Assets.xcassets */; };
		EFAD78842BD94BBE005061E3 /* Preview Assets.xcassets in Resources */ = {isa = PBXBuildFile; fileRef = EFAD78832BD94BBE005061E3 /* Preview Assets.xcassets */; };
/* End PBXBuildFile section */

/* Begin PBXContainerItemProxy section */
		EFAD78792BD94BBD005061E3 /* PBXContainerItemProxy */ = {
			isa = PBXContainerItemProxy;
			containerPortal = EFAD786B2BD94BBC005061E3 /* Project object */;
			proxyType = 1;
			remoteGlobalIDString = EFAD78762BD94BBD005061E3;
			remoteInfo = "Grow Watch App";
		};
/* End PBXContainerItemProxy section */

/* Begin PBXCopyFilesBuildPhase section */
		EFAD788A2BD94BBE005061E3 /* Embed Watch Content */ = {
			isa = PBXCopyFilesBuildPhase;
			buildActionMask = 2147483647;
			dstPath = "$(CONTENTS_FOLDER_PATH)/Watch";
			dstSubfolderSpec = 16;
			files = (
				EFAD78782BD94BBD005061E3 /* Grow Watch App.app in Embed Watch Content */,
			);
			name = "Embed Watch Content";
			runOnlyForDeploymentPostprocessing = 0;
		};
/* End PBXCopyFilesBuildPhase section */

/* Begin PBXFileReference section */
		4620FFAA2BDB646400B2F1C9 /* LottieViewModel.swift */ = {isa = PBXFileReference; lastKnownFileType = sourcecode.swift; path = LottieViewModel.swift; sourceTree = "<group>"; };
		4620FFAF2BDB9EC500B2F1C9 /* TreeAnimation.json */ = {isa = PBXFileReference; fileEncoding = 4; lastKnownFileType = text.json; path = TreeAnimation.json; sourceTree = "<group>"; };
		CD2604A12BDCBC97005ED9EB /* LevelCard.swift */ = {isa = PBXFileReference; lastKnownFileType = sourcecode.swift; path = LevelCard.swift; sourceTree = "<group>"; };
		CD5E175F2BDD058C00FB9A4B /* Grow Watch App.entitlements */ = {isa = PBXFileReference; lastKnownFileType = text.plist.entitlements; path = "Grow Watch App.entitlements"; sourceTree = "<group>"; };
		CD5E17602BDD0F6600FB9A4B /* Router.swift */ = {isa = PBXFileReference; lastKnownFileType = sourcecode.swift; path = Router.swift; sourceTree = "<group>"; };
		CDEBCEDE2BDB8B380083D4C6 /* LevelSelect.swift */ = {isa = PBXFileReference; lastKnownFileType = sourcecode.swift; path = LevelSelect.swift; sourceTree = "<group>"; };
		CDEE0E442BDBD8E30066CA9F /* FocusTree.swift */ = {isa = PBXFileReference; lastKnownFileType = sourcecode.swift; path = FocusTree.swift; sourceTree = "<group>"; };
		EF41C6FC2BDB9AF80036F92E /* TaskCompletedView.swift */ = {isa = PBXFileReference; lastKnownFileType = sourcecode.swift; path = TaskCompletedView.swift; sourceTree = "<group>"; };
		EF41C6FE2BDBA3180036F92E /* HomeButton.swift */ = {isa = PBXFileReference; lastKnownFileType = sourcecode.swift; path = HomeButton.swift; sourceTree = "<group>"; };
		EF41C7002BDBACF80036F92E /* TesterView.swift */ = {isa = PBXFileReference; lastKnownFileType = sourcecode.swift; path = TesterView.swift; sourceTree = "<group>"; };
		EF41C7032BDCA3CE0036F92E /* lottieConfetti.json */ = {isa = PBXFileReference; fileEncoding = 4; lastKnownFileType = text.json; path = lottieConfetti.json; sourceTree = "<group>"; };
		EFAD78712BD94BBD005061E3 /* Grow.app */ = {isa = PBXFileReference; explicitFileType = wrapper.application; includeInIndex = 0; path = Grow.app; sourceTree = BUILT_PRODUCTS_DIR; };
		EFAD78772BD94BBD005061E3 /* Grow Watch App.app */ = {isa = PBXFileReference; explicitFileType = wrapper.application; includeInIndex = 0; path = "Grow Watch App.app"; sourceTree = BUILT_PRODUCTS_DIR; };
		EFAD787C2BD94BBD005061E3 /* GrowApp.swift */ = {isa = PBXFileReference; lastKnownFileType = sourcecode.swift; path = GrowApp.swift; sourceTree = "<group>"; };
		EFAD787E2BD94BBD005061E3 /* ContentView.swift */ = {isa = PBXFileReference; lastKnownFileType = sourcecode.swift; path = ContentView.swift; sourceTree = "<group>"; };
		EFAD78802BD94BBE005061E3 /* Assets.xcassets */ = {isa = PBXFileReference; lastKnownFileType = folder.assetcatalog; path = Assets.xcassets; sourceTree = "<group>"; };
		EFAD78832BD94BBE005061E3 /* Preview Assets.xcassets */ = {isa = PBXFileReference; lastKnownFileType = folder.assetcatalog; path = "Preview Assets.xcassets"; sourceTree = "<group>"; };
/* End PBXFileReference section */

/* Begin PBXFrameworksBuildPhase section */
		EFAD78742BD94BBD005061E3 /* Frameworks */ = {
			isa = PBXFrameworksBuildPhase;
			buildActionMask = 2147483647;
			files = (
				4620FFAE2BDB886100B2F1C9 /* SDWebImageLottieCoder in Frameworks */,
			);
			runOnlyForDeploymentPostprocessing = 0;
		};
/* End PBXFrameworksBuildPhase section */

/* Begin PBXGroup section */
		EF41C6F32BDB63990036F92E /* View */ = {
			isa = PBXGroup;
			children = (
				EF41C6F52BDB64390036F92E /* Presenter */,
				EF41C6F72BDB64540036F92E /* Component */,
			);
			path = View;
			sourceTree = "<group>";
		};
		EF41C6F42BDB642B0036F92E /* Model */ = {
			isa = PBXGroup;
			children = (
			);
			path = Model;
			sourceTree = "<group>";
		};
		EF41C6F52BDB64390036F92E /* Presenter */ = {
			isa = PBXGroup;
			children = (
				CDEBCEDE2BDB8B380083D4C6 /* LevelSelect.swift */,
				CDEE0E442BDBD8E30066CA9F /* FocusTree.swift */,
				EF41C6FC2BDB9AF80036F92E /* TaskCompletedView.swift */,
				EF41C7002BDBACF80036F92E /* TesterView.swift */,
			);
			path = Presenter;
			sourceTree = "<group>";
		};
		EF41C6F72BDB64540036F92E /* Component */ = {
			isa = PBXGroup;
			children = (
				EF41C6FE2BDBA3180036F92E /* HomeButton.swift */,
				CD2604A12BDCBC97005ED9EB /* LevelCard.swift */,
				CD5E17602BDD0F6600FB9A4B /* Router.swift */,
			);
			path = Component;
			sourceTree = "<group>";
		};
		EF41C7022BDCA3B40036F92E /* Assets */ = {
			isa = PBXGroup;
			children = (
				EF41C7032BDCA3CE0036F92E /* lottieConfetti.json */,
			);
			path = Assets;
			sourceTree = "<group>";
		};
		EFAD786A2BD94BBC005061E3 = {
			isa = PBXGroup;
			children = (
				EFAD787B2BD94BBD005061E3 /* Grow Watch App */,
				EFAD78722BD94BBD005061E3 /* Products */,
			);
			sourceTree = "<group>";
		};
		EFAD78722BD94BBD005061E3 /* Products */ = {
			isa = PBXGroup;
			children = (
				EFAD78712BD94BBD005061E3 /* Grow.app */,
				EFAD78772BD94BBD005061E3 /* Grow Watch App.app */,
			);
			name = Products;
			sourceTree = "<group>";
		};
		EFAD787B2BD94BBD005061E3 /* Grow Watch App */ = {
			isa = PBXGroup;
			children = (
				CD5E175F2BDD058C00FB9A4B /* Grow Watch App.entitlements */,
				EF41C7022BDCA3B40036F92E /* Assets */,
				EF41C6F42BDB642B0036F92E /* Model */,
				EF41C6F32BDB63990036F92E /* View */,
				EFAD787C2BD94BBD005061E3 /* GrowApp.swift */,
				EFAD787E2BD94BBD005061E3 /* ContentView.swift */,
				4620FFAF2BDB9EC500B2F1C9 /* TreeAnimation.json */,
				EFAD78802BD94BBE005061E3 /* Assets.xcassets */,
				EFAD78822BD94BBE005061E3 /* Preview Content */,
				4620FFAA2BDB646400B2F1C9 /* LottieViewModel.swift */,
			);
			path = "Grow Watch App";
			sourceTree = "<group>";
		};
		EFAD78822BD94BBE005061E3 /* Preview Content */ = {
			isa = PBXGroup;
			children = (
				EFAD78832BD94BBE005061E3 /* Preview Assets.xcassets */,
			);
			path = "Preview Content";
			sourceTree = "<group>";
		};
/* End PBXGroup section */

/* Begin PBXNativeTarget section */
		EFAD78702BD94BBD005061E3 /* Grow */ = {
			isa = PBXNativeTarget;
			buildConfigurationList = EFAD788B2BD94BBE005061E3 /* Build configuration list for PBXNativeTarget "Grow" */;
			buildPhases = (
				EFAD786F2BD94BBD005061E3 /* Resources */,
				EFAD788A2BD94BBE005061E3 /* Embed Watch Content */,
			);
			buildRules = (
			);
			dependencies = (
				EFAD787A2BD94BBD005061E3 /* PBXTargetDependency */,
			);
			name = Grow;
			productName = Grow;
			productReference = EFAD78712BD94BBD005061E3 /* Grow.app */;
			productType = "com.apple.product-type.application.watchapp2-container";
		};
		EFAD78762BD94BBD005061E3 /* Grow Watch App */ = {
			isa = PBXNativeTarget;
			buildConfigurationList = EFAD78872BD94BBE005061E3 /* Build configuration list for PBXNativeTarget "Grow Watch App" */;
			buildPhases = (
				EFAD78732BD94BBD005061E3 /* Sources */,
				EFAD78742BD94BBD005061E3 /* Frameworks */,
				EFAD78752BD94BBD005061E3 /* Resources */,
			);
			buildRules = (
			);
			dependencies = (
			);
			name = "Grow Watch App";
			packageProductDependencies = (
				4620FFAD2BDB886100B2F1C9 /* SDWebImageLottieCoder */,
			);
			productName = "Grow Watch App";
			productReference = EFAD78772BD94BBD005061E3 /* Grow Watch App.app */;
			productType = "com.apple.product-type.application";
		};
/* End PBXNativeTarget section */

/* Begin PBXProject section */
		EFAD786B2BD94BBC005061E3 /* Project object */ = {
			isa = PBXProject;
			attributes = {
				BuildIndependentTargetsInParallel = 1;
				LastSwiftUpdateCheck = 1530;
				LastUpgradeCheck = 1530;
				TargetAttributes = {
					EFAD78702BD94BBD005061E3 = {
						CreatedOnToolsVersion = 15.3;
					};
					EFAD78762BD94BBD005061E3 = {
						CreatedOnToolsVersion = 15.3;
					};
				};
			};
			buildConfigurationList = EFAD786E2BD94BBC005061E3 /* Build configuration list for PBXProject "Grow" */;
			compatibilityVersion = "Xcode 14.0";
			developmentRegion = en;
			hasScannedForEncodings = 0;
			knownRegions = (
				en,
				Base,
			);
			mainGroup = EFAD786A2BD94BBC005061E3;
			packageReferences = (
				4620FFAC2BDB886100B2F1C9 /* XCRemoteSwiftPackageReference "SDWebImageLottieCoder" */,
			);
			productRefGroup = EFAD78722BD94BBD005061E3 /* Products */;
			projectDirPath = "";
			projectRoot = "";
			targets = (
				EFAD78702BD94BBD005061E3 /* Grow */,
				EFAD78762BD94BBD005061E3 /* Grow Watch App */,
			);
		};
/* End PBXProject section */

/* Begin PBXResourcesBuildPhase section */
		EFAD786F2BD94BBD005061E3 /* Resources */ = {
			isa = PBXResourcesBuildPhase;
			buildActionMask = 2147483647;
			files = (
				4620FFB02BDB9EC500B2F1C9 /* TreeAnimation.json in Resources */,
			);
			runOnlyForDeploymentPostprocessing = 0;
		};
		EFAD78752BD94BBD005061E3 /* Resources */ = {
			isa = PBXResourcesBuildPhase;
			buildActionMask = 2147483647;
			files = (
				EFAD78842BD94BBE005061E3 /* Preview Assets.xcassets in Resources */,
				EFAD78812BD94BBE005061E3 /* Assets.xcassets in Resources */,
				EF41C7042BDCA3CE0036F92E /* lottieConfetti.json in Resources */,
			);
			runOnlyForDeploymentPostprocessing = 0;
		};
/* End PBXResourcesBuildPhase section */

/* Begin PBXSourcesBuildPhase section */
		EFAD78732BD94BBD005061E3 /* Sources */ = {
			isa = PBXSourcesBuildPhase;
			buildActionMask = 2147483647;
			files = (
				CDC578242BDC892A00EEB5A0 /* LevelSelect.swift in Sources */,
				4620FFAB2BDB646400B2F1C9 /* LottieViewModel.swift in Sources */,
				CD5E17612BDD0F6600FB9A4B /* Router.swift in Sources */,
				EF41C6FD2BDB9AF80036F92E /* TaskCompletedView.swift in Sources */,
				EFAD787F2BD94BBD005061E3 /* ContentView.swift in Sources */,
				EF41C7012BDBACF80036F92E /* TesterView.swift in Sources */,
				EF41C6FF2BDBA3180036F92E /* HomeButton.swift in Sources */,
				EFAD787D2BD94BBD005061E3 /* GrowApp.swift in Sources */,
				CDC578252BDC894C00EEB5A0 /* FocusTree.swift in Sources */,
				CD2604A22BDCBC97005ED9EB /* LevelCard.swift in Sources */,
			);
			runOnlyForDeploymentPostprocessing = 0;
		};
/* End PBXSourcesBuildPhase section */

/* Begin PBXTargetDependency section */
		EFAD787A2BD94BBD005061E3 /* PBXTargetDependency */ = {
			isa = PBXTargetDependency;
			target = EFAD78762BD94BBD005061E3 /* Grow Watch App */;
			targetProxy = EFAD78792BD94BBD005061E3 /* PBXContainerItemProxy */;
		};
/* End PBXTargetDependency section */

/* Begin XCBuildConfiguration section */
		EFAD78852BD94BBE005061E3 /* Debug */ = {
			isa = XCBuildConfiguration;
			buildSettings = {
				ALWAYS_SEARCH_USER_PATHS = NO;
				ASSETCATALOG_COMPILER_GENERATE_SWIFT_ASSET_SYMBOL_EXTENSIONS = YES;
				CLANG_ANALYZER_NONNULL = YES;
				CLANG_ANALYZER_NUMBER_OBJECT_CONVERSION = YES_AGGRESSIVE;
				CLANG_CXX_LANGUAGE_STANDARD = "gnu++20";
				CLANG_ENABLE_MODULES = YES;
				CLANG_ENABLE_OBJC_ARC = YES;
				CLANG_ENABLE_OBJC_WEAK = YES;
				CLANG_WARN_BLOCK_CAPTURE_AUTORELEASING = YES;
				CLANG_WARN_BOOL_CONVERSION = YES;
				CLANG_WARN_COMMA = YES;
				CLANG_WARN_CONSTANT_CONVERSION = YES;
				CLANG_WARN_DEPRECATED_OBJC_IMPLEMENTATIONS = YES;
				CLANG_WARN_DIRECT_OBJC_ISA_USAGE = YES_ERROR;
				CLANG_WARN_DOCUMENTATION_COMMENTS = YES;
				CLANG_WARN_EMPTY_BODY = YES;
				CLANG_WARN_ENUM_CONVERSION = YES;
				CLANG_WARN_INFINITE_RECURSION = YES;
				CLANG_WARN_INT_CONVERSION = YES;
				CLANG_WARN_NON_LITERAL_NULL_CONVERSION = YES;
				CLANG_WARN_OBJC_IMPLICIT_RETAIN_SELF = YES;
				CLANG_WARN_OBJC_LITERAL_CONVERSION = YES;
				CLANG_WARN_OBJC_ROOT_CLASS = YES_ERROR;
				CLANG_WARN_QUOTED_INCLUDE_IN_FRAMEWORK_HEADER = YES;
				CLANG_WARN_RANGE_LOOP_ANALYSIS = YES;
				CLANG_WARN_STRICT_PROTOTYPES = YES;
				CLANG_WARN_SUSPICIOUS_MOVE = YES;
				CLANG_WARN_UNGUARDED_AVAILABILITY = YES_AGGRESSIVE;
				CLANG_WARN_UNREACHABLE_CODE = YES;
				CLANG_WARN__DUPLICATE_METHOD_MATCH = YES;
				COPY_PHASE_STRIP = NO;
				DEAD_CODE_STRIPPING = YES;
				DEBUG_INFORMATION_FORMAT = dwarf;
				ENABLE_STRICT_OBJC_MSGSEND = YES;
				ENABLE_TESTABILITY = YES;
				ENABLE_USER_SCRIPT_SANDBOXING = YES;
				GCC_C_LANGUAGE_STANDARD = gnu17;
				GCC_DYNAMIC_NO_PIC = NO;
				GCC_NO_COMMON_BLOCKS = YES;
				GCC_OPTIMIZATION_LEVEL = 0;
				GCC_PREPROCESSOR_DEFINITIONS = (
					"DEBUG=1",
					"$(inherited)",
				);
				GCC_WARN_64_TO_32_BIT_CONVERSION = YES;
				GCC_WARN_ABOUT_RETURN_TYPE = YES_ERROR;
				GCC_WARN_UNDECLARED_SELECTOR = YES;
				GCC_WARN_UNINITIALIZED_AUTOS = YES_AGGRESSIVE;
				GCC_WARN_UNUSED_FUNCTION = YES;
				GCC_WARN_UNUSED_VARIABLE = YES;
				LOCALIZATION_PREFERS_STRING_CATALOGS = YES;
				MTL_ENABLE_DEBUG_INFO = INCLUDE_SOURCE;
				MTL_FAST_MATH = YES;
				ONLY_ACTIVE_ARCH = YES;
				SWIFT_ACTIVE_COMPILATION_CONDITIONS = "DEBUG $(inherited)";
				SWIFT_OPTIMIZATION_LEVEL = "-Onone";
			};
			name = Debug;
		};
		EFAD78862BD94BBE005061E3 /* Release */ = {
			isa = XCBuildConfiguration;
			buildSettings = {
				ALWAYS_SEARCH_USER_PATHS = NO;
				ASSETCATALOG_COMPILER_GENERATE_SWIFT_ASSET_SYMBOL_EXTENSIONS = YES;
				CLANG_ANALYZER_NONNULL = YES;
				CLANG_ANALYZER_NUMBER_OBJECT_CONVERSION = YES_AGGRESSIVE;
				CLANG_CXX_LANGUAGE_STANDARD = "gnu++20";
				CLANG_ENABLE_MODULES = YES;
				CLANG_ENABLE_OBJC_ARC = YES;
				CLANG_ENABLE_OBJC_WEAK = YES;
				CLANG_WARN_BLOCK_CAPTURE_AUTORELEASING = YES;
				CLANG_WARN_BOOL_CONVERSION = YES;
				CLANG_WARN_COMMA = YES;
				CLANG_WARN_CONSTANT_CONVERSION = YES;
				CLANG_WARN_DEPRECATED_OBJC_IMPLEMENTATIONS = YES;
				CLANG_WARN_DIRECT_OBJC_ISA_USAGE = YES_ERROR;
				CLANG_WARN_DOCUMENTATION_COMMENTS = YES;
				CLANG_WARN_EMPTY_BODY = YES;
				CLANG_WARN_ENUM_CONVERSION = YES;
				CLANG_WARN_INFINITE_RECURSION = YES;
				CLANG_WARN_INT_CONVERSION = YES;
				CLANG_WARN_NON_LITERAL_NULL_CONVERSION = YES;
				CLANG_WARN_OBJC_IMPLICIT_RETAIN_SELF = YES;
				CLANG_WARN_OBJC_LITERAL_CONVERSION = YES;
				CLANG_WARN_OBJC_ROOT_CLASS = YES_ERROR;
				CLANG_WARN_QUOTED_INCLUDE_IN_FRAMEWORK_HEADER = YES;
				CLANG_WARN_RANGE_LOOP_ANALYSIS = YES;
				CLANG_WARN_STRICT_PROTOTYPES = YES;
				CLANG_WARN_SUSPICIOUS_MOVE = YES;
				CLANG_WARN_UNGUARDED_AVAILABILITY = YES_AGGRESSIVE;
				CLANG_WARN_UNREACHABLE_CODE = YES;
				CLANG_WARN__DUPLICATE_METHOD_MATCH = YES;
				COPY_PHASE_STRIP = NO;
				DEAD_CODE_STRIPPING = YES;
				DEBUG_INFORMATION_FORMAT = "dwarf-with-dsym";
				ENABLE_NS_ASSERTIONS = NO;
				ENABLE_STRICT_OBJC_MSGSEND = YES;
				ENABLE_USER_SCRIPT_SANDBOXING = YES;
				GCC_C_LANGUAGE_STANDARD = gnu17;
				GCC_NO_COMMON_BLOCKS = YES;
				GCC_WARN_64_TO_32_BIT_CONVERSION = YES;
				GCC_WARN_ABOUT_RETURN_TYPE = YES_ERROR;
				GCC_WARN_UNDECLARED_SELECTOR = YES;
				GCC_WARN_UNINITIALIZED_AUTOS = YES_AGGRESSIVE;
				GCC_WARN_UNUSED_FUNCTION = YES;
				GCC_WARN_UNUSED_VARIABLE = YES;
				LOCALIZATION_PREFERS_STRING_CATALOGS = YES;
				MTL_ENABLE_DEBUG_INFO = NO;
				MTL_FAST_MATH = YES;
				SWIFT_COMPILATION_MODE = wholemodule;
			};
			name = Release;
		};
		EFAD78882BD94BBE005061E3 /* Debug */ = {
			isa = XCBuildConfiguration;
			buildSettings = {
				ASSETCATALOG_COMPILER_APPICON_NAME = AppIcon;
				ASSETCATALOG_COMPILER_GLOBAL_ACCENT_COLOR_NAME = AccentColor;
				CODE_SIGN_ENTITLEMENTS = "Grow Watch App/Grow Watch App.entitlements";
				CODE_SIGN_STYLE = Automatic;
				CURRENT_PROJECT_VERSION = 1;
				DEVELOPMENT_ASSET_PATHS = "\"Grow Watch App/Preview Content\"";
				DEVELOPMENT_TEAM = 9HR48NXTG8;
				ENABLE_PREVIEWS = YES;
				GENERATE_INFOPLIST_FILE = YES;
				INFOPLIST_KEY_CFBundleDisplayName = Grow;
				INFOPLIST_KEY_UISupportedInterfaceOrientations = "UIInterfaceOrientationPortrait UIInterfaceOrientationPortraitUpsideDown";
				INFOPLIST_KEY_WKWatchOnly = YES;
				LD_RUNPATH_SEARCH_PATHS = (
					"$(inherited)",
					"@executable_path/Frameworks",
				);
				MARKETING_VERSION = 1.0;
				PRODUCT_BUNDLE_IDENTIFIER = com.forestRunn.Grow;
				PRODUCT_NAME = "$(TARGET_NAME)";
				SDKROOT = watchos;
				SKIP_INSTALL = YES;
				SWIFT_EMIT_LOC_STRINGS = YES;
				SWIFT_VERSION = 5.0;
				TARGETED_DEVICE_FAMILY = 4;
				WATCHOS_DEPLOYMENT_TARGET = 10.0;
			};
			name = Debug;
		};
		EFAD78892BD94BBE005061E3 /* Release */ = {
			isa = XCBuildConfiguration;
			buildSettings = {
				ASSETCATALOG_COMPILER_APPICON_NAME = AppIcon;
				ASSETCATALOG_COMPILER_GLOBAL_ACCENT_COLOR_NAME = AccentColor;
				CODE_SIGN_ENTITLEMENTS = "Grow Watch App/Grow Watch App.entitlements";
				CODE_SIGN_STYLE = Automatic;
				CURRENT_PROJECT_VERSION = 1;
				DEVELOPMENT_ASSET_PATHS = "\"Grow Watch App/Preview Content\"";
				DEVELOPMENT_TEAM = 9HR48NXTG8;
				ENABLE_PREVIEWS = YES;
				GENERATE_INFOPLIST_FILE = YES;
				INFOPLIST_KEY_CFBundleDisplayName = Grow;
				INFOPLIST_KEY_UISupportedInterfaceOrientations = "UIInterfaceOrientationPortrait UIInterfaceOrientationPortraitUpsideDown";
				INFOPLIST_KEY_WKWatchOnly = YES;
				LD_RUNPATH_SEARCH_PATHS = (
					"$(inherited)",
					"@executable_path/Frameworks",
				);
				MARKETING_VERSION = 1.0;
				PRODUCT_BUNDLE_IDENTIFIER = com.forestRunn.Grow;
				PRODUCT_NAME = "$(TARGET_NAME)";
				SDKROOT = watchos;
				SKIP_INSTALL = YES;
				SWIFT_EMIT_LOC_STRINGS = YES;
				SWIFT_VERSION = 5.0;
				TARGETED_DEVICE_FAMILY = 4;
				VALIDATE_PRODUCT = YES;
				WATCHOS_DEPLOYMENT_TARGET = 10.0;
			};
			name = Release;
		};
		EFAD788C2BD94BBE005061E3 /* Debug */ = {
			isa = XCBuildConfiguration;
			buildSettings = {
				ALWAYS_EMBED_SWIFT_STANDARD_LIBRARIES = YES;
				CODE_SIGN_STYLE = Automatic;
				CURRENT_PROJECT_VERSION = 1;
				DEVELOPMENT_TEAM = 9HR48NXTG8;
				INFOPLIST_KEY_CFBundleDisplayName = Grow;
				IPHONEOS_DEPLOYMENT_TARGET = 12.3;
				MARKETING_VERSION = 1.0;
				PRODUCT_BUNDLE_IDENTIFIER = com.forestRun.grow;
				PRODUCT_NAME = "$(TARGET_NAME)";
				SDKROOT = iphoneos;
				SUPPORTED_PLATFORMS = "iphoneos iphonesimulator";
				SUPPORTS_MACCATALYST = NO;
				SWIFT_VERSION = 5.0;
				TARGETED_DEVICE_FAMILY = 1;
			};
			name = Debug;
		};
		EFAD788D2BD94BBE005061E3 /* Release */ = {
			isa = XCBuildConfiguration;
			buildSettings = {
				ALWAYS_EMBED_SWIFT_STANDARD_LIBRARIES = YES;
				CODE_SIGN_STYLE = Automatic;
				CURRENT_PROJECT_VERSION = 1;
				DEVELOPMENT_TEAM = 9HR48NXTG8;
				INFOPLIST_KEY_CFBundleDisplayName = Grow;
				IPHONEOS_DEPLOYMENT_TARGET = 12.3;
				MARKETING_VERSION = 1.0;
				PRODUCT_BUNDLE_IDENTIFIER = com.forestRun.grow;
				PRODUCT_NAME = "$(TARGET_NAME)";
				SDKROOT = iphoneos;
				SUPPORTED_PLATFORMS = "iphoneos iphonesimulator";
				SUPPORTS_MACCATALYST = NO;
				SWIFT_VERSION = 5.0;
				TARGETED_DEVICE_FAMILY = 1;
				VALIDATE_PRODUCT = YES;
			};
			name = Release;
		};
/* End XCBuildConfiguration section */

/* Begin XCConfigurationList section */
		EFAD786E2BD94BBC005061E3 /* Build configuration list for PBXProject "Grow" */ = {
			isa = XCConfigurationList;
			buildConfigurations = (
				EFAD78852BD94BBE005061E3 /* Debug */,
				EFAD78862BD94BBE005061E3 /* Release */,
			);
			defaultConfigurationIsVisible = 0;
			defaultConfigurationName = Release;
		};
		EFAD78872BD94BBE005061E3 /* Build configuration list for PBXNativeTarget "Grow Watch App" */ = {
			isa = XCConfigurationList;
			buildConfigurations = (
				EFAD78882BD94BBE005061E3 /* Debug */,
				EFAD78892BD94BBE005061E3 /* Release */,
			);
			defaultConfigurationIsVisible = 0;
			defaultConfigurationName = Release;
		};
		EFAD788B2BD94BBE005061E3 /* Build configuration list for PBXNativeTarget "Grow" */ = {
			isa = XCConfigurationList;
			buildConfigurations = (
				EFAD788C2BD94BBE005061E3 /* Debug */,
				EFAD788D2BD94BBE005061E3 /* Release */,
			);
			defaultConfigurationIsVisible = 0;
			defaultConfigurationName = Release;
		};
/* End XCConfigurationList section */

/* Begin XCRemoteSwiftPackageReference section */
		4620FFAC2BDB886100B2F1C9 /* XCRemoteSwiftPackageReference "SDWebImageLottieCoder" */ = {
			isa = XCRemoteSwiftPackageReference;
			repositoryURL = "https://github.com/SDWebImage/SDWebImageLottieCoder";
			requirement = {
				kind = upToNextMajorVersion;
				minimumVersion = 0.2.0;
			};
		};
/* End XCRemoteSwiftPackageReference section */

/* Begin XCSwiftPackageProductDependency section */
		4620FFAD2BDB886100B2F1C9 /* SDWebImageLottieCoder */ = {
			isa = XCSwiftPackageProductDependency;
			package = 4620FFAC2BDB886100B2F1C9 /* XCRemoteSwiftPackageReference "SDWebImageLottieCoder" */;
			productName = SDWebImageLottieCoder;
		};
/* End XCSwiftPackageProductDependency section */
	};
	rootObject = EFAD786B2BD94BBC005061E3 /* Project object */;
}
